
Microsoft Visual Studio Solution File, Format Version 12.00
# Visual Studio Version 16
VisualStudioVersion = 16.0.31005.135
MinimumVisualStudioVersion = 10.0.40219.1
Project("{FAE04EC0-301F-11D3-BF4B-00C04F79EFBC}") = "EOXAdvisor", "EOXAdvisor.csproj", "{2A544CF0-489E-405F-8716-9BD6CF62C8C0}"
EndProject
Global
	GlobalSection(SolutionConfigurationPlatforms) = preSolution
		Debug|Any CPU = Debug|Any CPU
		Release|Any CPU = Release|Any CPU
	EndGlobalSection
	GlobalSection(ProjectConfigurationPlatforms) = postSolution
		{2A544CF0-489E-405F-8716-9BD6CF62C8C0}.Debug|Any CPU.ActiveCfg = Debug|Any CPU
		{2A544CF0-489E-405F-8716-9BD6CF62C8C0}.Debug|Any CPU.Build.0 = Debug|Any CPU
		{2A544CF0-489E-405F-8716-9BD6CF62C8C0}.Release|Any CPU.ActiveCfg = Release|Any CPU
		{2A544CF0-489E-405F-8716-9BD6CF62C8C0}.Release|Any CPU.Build.0 = Release|Any CPU
	EndGlobalSection
	GlobalSection(SolutionProperties) = preSolution
		HideSolutionNode = FALSE
	EndGlobalSection
	GlobalSection(ExtensibilityGlobals) = postSolution
		SolutionGuid = {E434EB03-2EC5-4B50-982B-10F7BA7A5B2C}
	EndGlobalSection
EndGlobal
